
Microsoft Visual Studio Solution File, Format Version 12.00
# Visual Studio Version 17
VisualStudioVersion = 17.14.36408.4 d17.14
MinimumVisualStudioVersion = 10.0.40219.1
Project("{FAE04EC0-301F-11D3-BF4B-00C04F79EFBC}") = "NotesApplication", "NotesApplication.csproj", "{CE821103-B297-A8F8-29EC-929E3D89B3A3}"
EndProject
Global
	GlobalSection(SolutionConfigurationPlatforms) = preSolution
		Debug|Any CPU = Debug|Any CPU
		Release|Any CPU = Release|Any CPU
	EndGlobalSection
	GlobalSection(ProjectConfigurationPlatforms) = postSolution
		{CE821103-B297-A8F8-29EC-929E3D89B3A3}.Debug|Any CPU.ActiveCfg = Debug|Any CPU
		{CE821103-B297-A8F8-29EC-929E3D89B3A3}.Debug|Any CPU.Build.0 = Debug|Any CPU
		{CE821103-B297-A8F8-29EC-929E3D89B3A3}.Release|Any CPU.ActiveCfg = Release|Any CPU
		{CE821103-B297-A8F8-29EC-929E3D89B3A3}.Release|Any CPU.Build.0 = Release|Any CPU
	EndGlobalSection
	GlobalSection(SolutionProperties) = preSolution
		HideSolutionNode = FALSE
	EndGlobalSection
	GlobalSection(ExtensibilityGlobals) = postSolution
		SolutionGuid = {5C7CF5BE-E8F1-481A-9599-7F0EA4918F0F}
	EndGlobalSection
EndGlobal
